
Microsoft Visual Studio Solution File, Format Version 12.00
# Visual Studio Version 17
VisualStudioVersion = 17.4.33213.308
MinimumVisualStudioVersion = 10.0.40219.1
Project("{2150E333-8FDC-42A3-9474-1A3956D46DE8}") = "Services", "Services", "{3A22ECDD-D85D-40F7-8E82-A152D18319F6}"
EndProject
Project("{2150E333-8FDC-42A3-9474-1A3956D46DE8}") = "Catalog", "Catalog", "{D91D7D45-BC6D-4A32-8D2F-4108382105E6}"
EndProject
Project("{9A19103F-16F7-4668-BE54-9A1E7A4F7556}") = "Catalog.API", "Services\Catalog\Catalog.API\Catalog.API.csproj", "{DC17F8EE-1C11-4175-A226-E557CE2533DB}"
EndProject
Project("{E53339B2-1760-4266-BCC7-CA923CBCF16C}") = "docker-compose", "docker-compose.dcproj", "{342035F5-94D2-428A-807E-82011B772CCA}"
EndProject
Project("{2150E333-8FDC-42A3-9474-1A3956D46DE8}") = "Basket", "Basket", "{CAFCF109-21B2-4ACA-98D8-545A05FE3FF9}"
EndProject
Project("{FAE04EC0-301F-11D3-BF4B-00C04F79EFBC}") = "Basket.API", "Services\Basket\Basket.API\Basket.API.csproj", "{A88977E6-2B85-4226-A49A-8475CDACDC5F}"
EndProject
Project("{2150E333-8FDC-42A3-9474-1A3956D46DE8}") = "Discount", "Discount", "{994B68B3-8CE5-443B-B018-6CA464CADAF2}"
EndProject
Project("{FAE04EC0-301F-11D3-BF4B-00C04F79EFBC}") = "Discount.API", "Services\Discount\Discount.API\Discount.API.csproj", "{CA6A4201-3347-4AE7-9070-7885E2CED683}"
EndProject
Global
	GlobalSection(SolutionConfigurationPlatforms) = preSolution
		Debug|Any CPU = Debug|Any CPU
		Release|Any CPU = Release|Any CPU
	EndGlobalSection
	GlobalSection(ProjectConfigurationPlatforms) = postSolution
		{DC17F8EE-1C11-4175-A226-E557CE2533DB}.Debug|Any CPU.ActiveCfg = Debug|Any CPU
		{DC17F8EE-1C11-4175-A226-E557CE2533DB}.Debug|Any CPU.Build.0 = Debug|Any CPU
		{DC17F8EE-1C11-4175-A226-E557CE2533DB}.Release|Any CPU.ActiveCfg = Release|Any CPU
		{DC17F8EE-1C11-4175-A226-E557CE2533DB}.Release|Any CPU.Build.0 = Release|Any CPU
		{342035F5-94D2-428A-807E-82011B772CCA}.Debug|Any CPU.ActiveCfg = Debug|Any CPU
		{342035F5-94D2-428A-807E-82011B772CCA}.Debug|Any CPU.Build.0 = Debug|Any CPU
		{342035F5-94D2-428A-807E-82011B772CCA}.Release|Any CPU.ActiveCfg = Release|Any CPU
		{342035F5-94D2-428A-807E-82011B772CCA}.Release|Any CPU.Build.0 = Release|Any CPU
		{A88977E6-2B85-4226-A49A-8475CDACDC5F}.Debug|Any CPU.ActiveCfg = Debug|Any CPU
		{A88977E6-2B85-4226-A49A-8475CDACDC5F}.Debug|Any CPU.Build.0 = Debug|Any CPU
		{A88977E6-2B85-4226-A49A-8475CDACDC5F}.Release|Any CPU.ActiveCfg = Release|Any CPU
		{A88977E6-2B85-4226-A49A-8475CDACDC5F}.Release|Any CPU.Build.0 = Release|Any CPU
		{CA6A4201-3347-4AE7-9070-7885E2CED683}.Debug|Any CPU.ActiveCfg = Debug|Any CPU
		{CA6A4201-3347-4AE7-9070-7885E2CED683}.Debug|Any CPU.Build.0 = Debug|Any CPU
		{CA6A4201-3347-4AE7-9070-7885E2CED683}.Release|Any CPU.ActiveCfg = Release|Any CPU
		{CA6A4201-3347-4AE7-9070-7885E2CED683}.Release|Any CPU.Build.0 = Release|Any CPU
	EndGlobalSection
	GlobalSection(SolutionProperties) = preSolution
		HideSolutionNode = FALSE
	EndGlobalSection
	GlobalSection(NestedProjects) = preSolution
		{D91D7D45-BC6D-4A32-8D2F-4108382105E6} = {3A22ECDD-D85D-40F7-8E82-A152D18319F6}
		{DC17F8EE-1C11-4175-A226-E557CE2533DB} = {D91D7D45-BC6D-4A32-8D2F-4108382105E6}
		{CAFCF109-21B2-4ACA-98D8-545A05FE3FF9} = {3A22ECDD-D85D-40F7-8E82-A152D18319F6}
		{A88977E6-2B85-4226-A49A-8475CDACDC5F} = {CAFCF109-21B2-4ACA-98D8-545A05FE3FF9}
		{994B68B3-8CE5-443B-B018-6CA464CADAF2} = {3A22ECDD-D85D-40F7-8E82-A152D18319F6}
		{CA6A4201-3347-4AE7-9070-7885E2CED683} = {994B68B3-8CE5-443B-B018-6CA464CADAF2}
	EndGlobalSection
	GlobalSection(ExtensibilityGlobals) = postSolution
		SolutionGuid = {20464EC0-2B5B-4C88-B2ED-542C83C2ECBB}
	EndGlobalSection
EndGlobal
